
Microsoft Visual Studio Solution File, Format Version 12.00
# Visual Studio 15
VisualStudioVersion = 15.0.28010.2003
MinimumVisualStudioVersion = 10.0.40219.1
Project("{FAE04EC0-301F-11D3-BF4B-00C04F79EFBC}") = "libzt.Interop", "libzt.Interop\libzt.Interop.csproj", "{ADD731F4-EB41-4A6B-9E91-A9E40937BCCE}"
EndProject
Project("{FAE04EC0-301F-11D3-BF4B-00C04F79EFBC}") = "libzt.Interop.DemoServer", "libzt.Interop.DemoServer\libzt.Interop.DemoServer.csproj", "{2A28694B-1B87-454A-ABE2-4DAF03870C92}"
EndProject
Global
	GlobalSection(SolutionConfigurationPlatforms) = preSolution
		Debug|Any CPU = Debug|Any CPU
		Debug|x64 = Debug|x64
		Release|Any CPU = Release|Any CPU
		Release|x64 = Release|x64
	EndGlobalSection
	GlobalSection(ProjectConfigurationPlatforms) = postSolution
		{ADD731F4-EB41-4A6B-9E91-A9E40937BCCE}.Debug|Any CPU.ActiveCfg = Debug|Any CPU
		{ADD731F4-EB41-4A6B-9E91-A9E40937BCCE}.Debug|Any CPU.Build.0 = Debug|Any CPU
		{ADD731F4-EB41-4A6B-9E91-A9E40937BCCE}.Debug|x64.ActiveCfg = Debug|x64
		{ADD731F4-EB41-4A6B-9E91-A9E40937BCCE}.Debug|x64.Build.0 = Debug|x64
		{ADD731F4-EB41-4A6B-9E91-A9E40937BCCE}.Release|Any CPU.ActiveCfg = Release|Any CPU
		{ADD731F4-EB41-4A6B-9E91-A9E40937BCCE}.Release|Any CPU.Build.0 = Release|Any CPU
		{ADD731F4-EB41-4A6B-9E91-A9E40937BCCE}.Release|x64.ActiveCfg = Release|x64
		{ADD731F4-EB41-4A6B-9E91-A9E40937BCCE}.Release|x64.Build.0 = Release|x64
		{2A28694B-1B87-454A-ABE2-4DAF03870C92}.Debug|Any CPU.ActiveCfg = Debug|Any CPU
		{2A28694B-1B87-454A-ABE2-4DAF03870C92}.Debug|Any CPU.Build.0 = Debug|Any CPU
		{2A28694B-1B87-454A-ABE2-4DAF03870C92}.Debug|x64.ActiveCfg = Debug|x64
		{2A28694B-1B87-454A-ABE2-4DAF03870C92}.Debug|x64.Build.0 = Debug|x64
		{2A28694B-1B87-454A-ABE2-4DAF03870C92}.Release|Any CPU.ActiveCfg = Release|Any CPU
		{2A28694B-1B87-454A-ABE2-4DAF03870C92}.Release|Any CPU.Build.0 = Release|Any CPU
		{2A28694B-1B87-454A-ABE2-4DAF03870C92}.Release|x64.ActiveCfg = Release|x64
		{2A28694B-1B87-454A-ABE2-4DAF03870C92}.Release|x64.Build.0 = Release|x64
	EndGlobalSection
	GlobalSection(SolutionProperties) = preSolution
		HideSolutionNode = FALSE
	EndGlobalSection
	GlobalSection(ExtensibilityGlobals) = postSolution
		SolutionGuid = {3CE139B0-BBA7-4F62-B54B-6FD4DAE8D705}
	EndGlobalSection
EndGlobal
